
Microsoft Visual Studio Solution File, Format Version 12.00
# Visual Studio Version 16
VisualStudioVersion = 25.0.1705.3
MinimumVisualStudioVersion = 10.0.40219.1
Project("{FAE04EC0-301F-11D3-BF4B-00C04F79EFBC}") = "Alpha.API", "AlphaBase.API\Alpha.API.csproj", "{110FAB57-BD8B-4484-A802-30BBEFFE52CE}"
EndProject
Project("{FAE04EC0-301F-11D3-BF4B-00C04F79EFBC}") = "Alpha.Test", "Alpha.Test\Alpha.Test.csproj", "{002A696D-6A2B-424E-9B0F-51E433ACF0F1}"
EndProject
Global
	GlobalSection(SolutionConfigurationPlatforms) = preSolution
		Debug|Any CPU = Debug|Any CPU
		Release|Any CPU = Release|Any CPU
	EndGlobalSection
	GlobalSection(ProjectConfigurationPlatforms) = postSolution
		{110FAB57-BD8B-4484-A802-30BBEFFE52CE}.Debug|Any CPU.ActiveCfg = Debug|Any CPU
		{110FAB57-BD8B-4484-A802-30BBEFFE52CE}.Debug|Any CPU.Build.0 = Debug|Any CPU
		{110FAB57-BD8B-4484-A802-30BBEFFE52CE}.Release|Any CPU.ActiveCfg = Release|Any CPU
		{110FAB57-BD8B-4484-A802-30BBEFFE52CE}.Release|Any CPU.Build.0 = Release|Any CPU
		{002A696D-6A2B-424E-9B0F-51E433ACF0F1}.Debug|Any CPU.ActiveCfg = Debug|Any CPU
		{002A696D-6A2B-424E-9B0F-51E433ACF0F1}.Debug|Any CPU.Build.0 = Debug|Any CPU
		{002A696D-6A2B-424E-9B0F-51E433ACF0F1}.Release|Any CPU.ActiveCfg = Release|Any CPU
		{002A696D-6A2B-424E-9B0F-51E433ACF0F1}.Release|Any CPU.Build.0 = Release|Any CPU
	EndGlobalSection
	GlobalSection(SolutionProperties) = preSolution
		HideSolutionNode = FALSE
	EndGlobalSection
	GlobalSection(ExtensibilityGlobals) = postSolution
		SolutionGuid = {CE22CA52-DA83-4AC2-8B65-8680B9F33012}
	EndGlobalSection
EndGlobal
